// !$*UTF8*$!
{
	archiveVersion = 1;
	classes = {
	};
	objectVersion = 51;
	objects = {

/* Begin PBXBuildFile section */
		228424E3BACC8B82323FDD57 /* Pods_DigitalCoin_DigitalCoinUITests.framework in Frameworks */ = {isa = PBXBuildFile; fileRef = 825206D7E6BD80A205C6AD84 /* Pods_DigitalCoin_DigitalCoinUITests.framework */; };
		3DA086C7AD13236E927CBF6D /* Pods_DigitalCoinTests.framework in Frameworks */ = {isa = PBXBuildFile; fileRef = ADEF42C0A0CE710A596606A0 /* Pods_DigitalCoinTests.framework */; };
		8B06B32A25C83F6600E721AB /* CoinService.swift in Sources */ = {isa = PBXBuildFile; fileRef = 8B06B32825C83F6600E721AB /* CoinService.swift */; };
		8B06B33A25C83FE300E721AB /* CoinsViewData.swift in Sources */ = {isa = PBXBuildFile; fileRef = 8B06B33925C83FE300E721AB /* CoinsViewData.swift */; };
		8B06B34025C8402B00E721AB /* Coin.swift in Sources */ = {isa = PBXBuildFile; fileRef = 8B06B33F25C8402B00E721AB /* Coin.swift */; };
		8B246BF925BE1FE1000D6411 /* TabBarViewController.swift in Sources */ = {isa = PBXBuildFile; fileRef = 8B246BF825BE1FE1000D6411 /* TabBarViewController.swift */; };
		8B5DE56825C7C6DC00A2D1F5 /* CoinFavoritesCollectionViewCell.swift in Sources */ = {isa = PBXBuildFile; fileRef = 8B5DE56725C7C6DC00A2D1F5 /* CoinFavoritesCollectionViewCell.swift */; };
		8B5DE56D25C7C7D800A2D1F5 /* CoinMainTableCellViewModel.swift in Sources */ = {isa = PBXBuildFile; fileRef = 8B5DE56C25C7C7D800A2D1F5 /* CoinMainTableCellViewModel.swift */; };
		8B8C07AC25BA4C5000DD7EB6 /* CoinsDetailsViewController.swift in Sources */ = {isa = PBXBuildFile; fileRef = 8B8C07AA25BA4C5000DD7EB6 /* CoinsDetailsViewController.swift */; };
		8B9C9C2D25BA05D300260E82 /* AppDelegate.swift in Sources */ = {isa = PBXBuildFile; fileRef = 8B9C9C2C25BA05D300260E82 /* AppDelegate.swift */; };
		8B9C9C2F25BA05D300260E82 /* SceneDelegate.swift in Sources */ = {isa = PBXBuildFile; fileRef = 8B9C9C2E25BA05D300260E82 /* SceneDelegate.swift */; };
		8B9C9C3725BA05D300260E82 /* DigitalCoin.xcdatamodeld in Sources */ = {isa = PBXBuildFile; fileRef = 8B9C9C3525BA05D300260E82 /* DigitalCoin.xcdatamodeld */; };
		8B9C9C3925BA05D800260E82 /* Assets.xcassets in Resources */ = {isa = PBXBuildFile; fileRef = 8B9C9C3825BA05D800260E82 /* Assets.xcassets */; };
		8B9C9C3C25BA05D800260E82 /* LaunchScreen.storyboard in Resources */ = {isa = PBXBuildFile; fileRef = 8B9C9C3A25BA05D800260E82 /* LaunchScreen.storyboard */; };
		8B9C9C4725BA05D900260E82 /* DigitalCoinTests.swift in Sources */ = {isa = PBXBuildFile; fileRef = 8B9C9C4625BA05D900260E82 /* DigitalCoinTests.swift */; };
		8B9C9C5225BA05D900260E82 /* DigitalCoinUITests.swift in Sources */ = {isa = PBXBuildFile; fileRef = 8B9C9C5125BA05D900260E82 /* DigitalCoinUITests.swift */; };
		8BB7401B25C4562C007A6306 /* CoinsFavoritesCellViewModel.swift in Sources */ = {isa = PBXBuildFile; fileRef = 8BB7401A25C4562C007A6306 /* CoinsFavoritesCellViewModel.swift */; };
		8BB9F64925BB746400BBFD3B /* CoinsFavoritesViewController.swift in Sources */ = {isa = PBXBuildFile; fileRef = 8BB9F64725BB746400BBFD3B /* CoinsFavoritesViewController.swift */; };
		8BB9F65225BB760F00BBFD3B /* CoinsListViewController.swift in Sources */ = {isa = PBXBuildFile; fileRef = 8BB9F65125BB760F00BBFD3B /* CoinsListViewController.swift */; };
		8BDD03E725BCAB8C00263E30 /* TelaPrincipalTableViewCell.swift in Sources */ = {isa = PBXBuildFile; fileRef = 8BDD03E625BCAB8C00263E30 /* TelaPrincipalTableViewCell.swift */; };
		B5C6B895B4457CA3284B83AC /* Pods_DigitalCoin.framework in Frameworks */ = {isa = PBXBuildFile; fileRef = 10D544E30314E81D5D132C3B /* Pods_DigitalCoin.framework */; };
		D39256E625C86F6600C9DBDD /* CoinsListAccessibility+.swift in Sources */ = {isa = PBXBuildFile; fileRef = D39256E525C86F6600C9DBDD /* CoinsListAccessibility+.swift */; };
		DF8971A725C1B2BB003C1B52 /* CoinsDetailsViewModel.swift in Sources */ = {isa = PBXBuildFile; fileRef = DF8971A625C1B2BB003C1B52 /* CoinsDetailsViewModel.swift */; };
		DF8971AC25C1B2E6003C1B52 /* CoinsFavoritesViewModel.swift in Sources */ = {isa = PBXBuildFile; fileRef = DF8971AB25C1B2E6003C1B52 /* CoinsFavoritesViewModel.swift */; };
		DFB669A725C7C17B00846DBB /* CoinListViewControllerTests.swift in Sources */ = {isa = PBXBuildFile; fileRef = DFB669A525C7C17B00846DBB /* CoinListViewControllerTests.swift */; };
		DFB669A825C7C17B00846DBB /* CoinsListViewModelTests.swift in Sources */ = {isa = PBXBuildFile; fileRef = DFB669A625C7C17B00846DBB /* CoinsListViewModelTests.swift */; };
		DFE08F5C25C087470036C775 /* CoinsListViewModel.swift in Sources */ = {isa = PBXBuildFile; fileRef = DFE08F5B25C087470036C775 /* CoinsListViewModel.swift */; };
		DFE08F6425C088960036C775 /* TelaPrincipalTableViewCell.xib in Resources */ = {isa = PBXBuildFile; fileRef = DFE08F6325C088960036C775 /* TelaPrincipalTableViewCell.xib */; };
/* End PBXBuildFile section */

/* Begin PBXContainerItemProxy section */
		8B9C9C4325BA05D900260E82 /* PBXContainerItemProxy */ = {
			isa = PBXContainerItemProxy;
			containerPortal = 8B9C9C2125BA05D300260E82 /* Project object */;
			proxyType = 1;
			remoteGlobalIDString = 8B9C9C2825BA05D300260E82;
			remoteInfo = DigitalCoin;
		};
		8B9C9C4E25BA05D900260E82 /* PBXContainerItemProxy */ = {
			isa = PBXContainerItemProxy;
			containerPortal = 8B9C9C2125BA05D300260E82 /* Project object */;
			proxyType = 1;
			remoteGlobalIDString = 8B9C9C2825BA05D300260E82;
			remoteInfo = DigitalCoin;
		};
/* End PBXContainerItemProxy section */

/* Begin PBXFileReference section */
		10D544E30314E81D5D132C3B /* Pods_DigitalCoin.framework */ = {isa = PBXFileReference; explicitFileType = wrapper.framework; includeInIndex = 0; path = Pods_DigitalCoin.framework; sourceTree = BUILT_PRODUCTS_DIR; };
		1136EB462A3282ED88488276 /* Pods-DigitalCoin-DigitalCoinUITests.debug.xcconfig */ = {isa = PBXFileReference; includeInIndex = 1; lastKnownFileType = text.xcconfig; name = "Pods-DigitalCoin-DigitalCoinUITests.debug.xcconfig"; path = "Target Support Files/Pods-DigitalCoin-DigitalCoinUITests/Pods-DigitalCoin-DigitalCoinUITests.debug.xcconfig"; sourceTree = "<group>"; };
		2E5104E650E98D8B54D26B3F /* Pods-DigitalCoin.release.xcconfig */ = {isa = PBXFileReference; includeInIndex = 1; lastKnownFileType = text.xcconfig; name = "Pods-DigitalCoin.release.xcconfig"; path = "Target Support Files/Pods-DigitalCoin/Pods-DigitalCoin.release.xcconfig"; sourceTree = "<group>"; };
		6F4FB7C3648CE3BA5C26EB2B /* Pods-DigitalCoinTests.debug.xcconfig */ = {isa = PBXFileReference; includeInIndex = 1; lastKnownFileType = text.xcconfig; name = "Pods-DigitalCoinTests.debug.xcconfig"; path = "Target Support Files/Pods-DigitalCoinTests/Pods-DigitalCoinTests.debug.xcconfig"; sourceTree = "<group>"; };
		825206D7E6BD80A205C6AD84 /* Pods_DigitalCoin_DigitalCoinUITests.framework */ = {isa = PBXFileReference; explicitFileType = wrapper.framework; includeInIndex = 0; path = Pods_DigitalCoin_DigitalCoinUITests.framework; sourceTree = BUILT_PRODUCTS_DIR; };
		8B06B32825C83F6600E721AB /* CoinService.swift */ = {isa = PBXFileReference; fileEncoding = 4; lastKnownFileType = sourcecode.swift; path = CoinService.swift; sourceTree = "<group>"; };
		8B06B33925C83FE300E721AB /* CoinsViewData.swift */ = {isa = PBXFileReference; fileEncoding = 4; lastKnownFileType = sourcecode.swift; path = CoinsViewData.swift; sourceTree = "<group>"; };
		8B06B33F25C8402B00E721AB /* Coin.swift */ = {isa = PBXFileReference; fileEncoding = 4; lastKnownFileType = sourcecode.swift; path = Coin.swift; sourceTree = "<group>"; };
		8B246BF825BE1FE1000D6411 /* TabBarViewController.swift */ = {isa = PBXFileReference; lastKnownFileType = sourcecode.swift; path = TabBarViewController.swift; sourceTree = "<group>"; };
		8B5DE56725C7C6DC00A2D1F5 /* CoinFavoritesCollectionViewCell.swift */ = {isa = PBXFileReference; lastKnownFileType = sourcecode.swift; path = CoinFavoritesCollectionViewCell.swift; sourceTree = "<group>"; };
		8B5DE56C25C7C7D800A2D1F5 /* CoinMainTableCellViewModel.swift */ = {isa = PBXFileReference; lastKnownFileType = sourcecode.swift; path = CoinMainTableCellViewModel.swift; sourceTree = "<group>"; };
		8B8C07AA25BA4C5000DD7EB6 /* CoinsDetailsViewController.swift */ = {isa = PBXFileReference; lastKnownFileType = sourcecode.swift; path = CoinsDetailsViewController.swift; sourceTree = "<group>"; };
		8B9C9C2925BA05D300260E82 /* DigitalCoin.app */ = {isa = PBXFileReference; explicitFileType = wrapper.application; includeInIndex = 0; path = DigitalCoin.app; sourceTree = BUILT_PRODUCTS_DIR; };
		8B9C9C2C25BA05D300260E82 /* AppDelegate.swift */ = {isa = PBXFileReference; lastKnownFileType = sourcecode.swift; path = AppDelegate.swift; sourceTree = "<group>"; };
		8B9C9C2E25BA05D300260E82 /* SceneDelegate.swift */ = {isa = PBXFileReference; lastKnownFileType = sourcecode.swift; path = SceneDelegate.swift; sourceTree = "<group>"; };
		8B9C9C3625BA05D300260E82 /* DigitalCoin.xcdatamodel */ = {isa = PBXFileReference; lastKnownFileType = wrapper.xcdatamodel; path = DigitalCoin.xcdatamodel; sourceTree = "<group>"; };
		8B9C9C3825BA05D800260E82 /* Assets.xcassets */ = {isa = PBXFileReference; lastKnownFileType = folder.assetcatalog; path = Assets.xcassets; sourceTree = "<group>"; };
		8B9C9C3B25BA05D800260E82 /* Base */ = {isa = PBXFileReference; lastKnownFileType = file.storyboard; name = Base; path = Base.lproj/LaunchScreen.storyboard; sourceTree = "<group>"; };
		8B9C9C3D25BA05D800260E82 /* Info.plist */ = {isa = PBXFileReference; lastKnownFileType = text.plist.xml; path = Info.plist; sourceTree = "<group>"; };
		8B9C9C4225BA05D900260E82 /* DigitalCoinTests.xctest */ = {isa = PBXFileReference; explicitFileType = wrapper.cfbundle; includeInIndex = 0; path = DigitalCoinTests.xctest; sourceTree = BUILT_PRODUCTS_DIR; };
		8B9C9C4625BA05D900260E82 /* DigitalCoinTests.swift */ = {isa = PBXFileReference; lastKnownFileType = sourcecode.swift; path = DigitalCoinTests.swift; sourceTree = "<group>"; };
		8B9C9C4825BA05D900260E82 /* Info.plist */ = {isa = PBXFileReference; lastKnownFileType = text.plist.xml; path = Info.plist; sourceTree = "<group>"; };
		8B9C9C4D25BA05D900260E82 /* DigitalCoinUITests.xctest */ = {isa = PBXFileReference; explicitFileType = wrapper.cfbundle; includeInIndex = 0; path = DigitalCoinUITests.xctest; sourceTree = BUILT_PRODUCTS_DIR; };
		8B9C9C5125BA05D900260E82 /* DigitalCoinUITests.swift */ = {isa = PBXFileReference; lastKnownFileType = sourcecode.swift; path = DigitalCoinUITests.swift; sourceTree = "<group>"; };
		8B9C9C5325BA05D900260E82 /* Info.plist */ = {isa = PBXFileReference; lastKnownFileType = text.plist.xml; path = Info.plist; sourceTree = "<group>"; };
		8BB7401A25C4562C007A6306 /* CoinsFavoritesCellViewModel.swift */ = {isa = PBXFileReference; lastKnownFileType = sourcecode.swift; path = CoinsFavoritesCellViewModel.swift; sourceTree = "<group>"; };
		8BB9F64725BB746400BBFD3B /* CoinsFavoritesViewController.swift */ = {isa = PBXFileReference; fileEncoding = 4; lastKnownFileType = sourcecode.swift; path = CoinsFavoritesViewController.swift; sourceTree = "<group>"; };
		8BB9F65125BB760F00BBFD3B /* CoinsListViewController.swift */ = {isa = PBXFileReference; lastKnownFileType = sourcecode.swift; path = CoinsListViewController.swift; sourceTree = "<group>"; };
		8BDD03E625BCAB8C00263E30 /* TelaPrincipalTableViewCell.swift */ = {isa = PBXFileReference; fileEncoding = 4; lastKnownFileType = sourcecode.swift; path = TelaPrincipalTableViewCell.swift; sourceTree = "<group>"; };
		ABB2778DC85835C61B7C9E42 /* Pods-DigitalCoinTests.release.xcconfig */ = {isa = PBXFileReference; includeInIndex = 1; lastKnownFileType = text.xcconfig; name = "Pods-DigitalCoinTests.release.xcconfig"; path = "Target Support Files/Pods-DigitalCoinTests/Pods-DigitalCoinTests.release.xcconfig"; sourceTree = "<group>"; };
		ADE25748FE9297E34D6E089E /* Pods-DigitalCoin.debug.xcconfig */ = {isa = PBXFileReference; includeInIndex = 1; lastKnownFileType = text.xcconfig; name = "Pods-DigitalCoin.debug.xcconfig"; path = "Target Support Files/Pods-DigitalCoin/Pods-DigitalCoin.debug.xcconfig"; sourceTree = "<group>"; };
		ADEF42C0A0CE710A596606A0 /* Pods_DigitalCoinTests.framework */ = {isa = PBXFileReference; explicitFileType = wrapper.framework; includeInIndex = 0; path = Pods_DigitalCoinTests.framework; sourceTree = BUILT_PRODUCTS_DIR; };
		D39256E525C86F6600C9DBDD /* CoinsListAccessibility+.swift */ = {isa = PBXFileReference; lastKnownFileType = sourcecode.swift; path = "CoinsListAccessibility+.swift"; sourceTree = "<group>"; };
		DECEE558F8871F55F21F2DD6 /* Pods-DigitalCoin-DigitalCoinUITests.release.xcconfig */ = {isa = PBXFileReference; includeInIndex = 1; lastKnownFileType = text.xcconfig; name = "Pods-DigitalCoin-DigitalCoinUITests.release.xcconfig"; path = "Target Support Files/Pods-DigitalCoin-DigitalCoinUITests/Pods-DigitalCoin-DigitalCoinUITests.release.xcconfig"; sourceTree = "<group>"; };
		DF8971A625C1B2BB003C1B52 /* CoinsDetailsViewModel.swift */ = {isa = PBXFileReference; lastKnownFileType = sourcecode.swift; path = CoinsDetailsViewModel.swift; sourceTree = "<group>"; };
		DF8971AB25C1B2E6003C1B52 /* CoinsFavoritesViewModel.swift */ = {isa = PBXFileReference; lastKnownFileType = sourcecode.swift; path = CoinsFavoritesViewModel.swift; sourceTree = "<group>"; };
		DFB669A525C7C17B00846DBB /* CoinListViewControllerTests.swift */ = {isa = PBXFileReference; fileEncoding = 4; lastKnownFileType = sourcecode.swift; path = CoinListViewControllerTests.swift; sourceTree = "<group>"; };
		DFB669A625C7C17B00846DBB /* CoinsListViewModelTests.swift */ = {isa = PBXFileReference; fileEncoding = 4; lastKnownFileType = sourcecode.swift; path = CoinsListViewModelTests.swift; sourceTree = "<group>"; };
		DFE08F5B25C087470036C775 /* CoinsListViewModel.swift */ = {isa = PBXFileReference; lastKnownFileType = sourcecode.swift; path = CoinsListViewModel.swift; sourceTree = "<group>"; };
		DFE08F6325C088960036C775 /* TelaPrincipalTableViewCell.xib */ = {isa = PBXFileReference; fileEncoding = 4; lastKnownFileType = file.xib; path = TelaPrincipalTableViewCell.xib; sourceTree = "<group>"; };
/* End PBXFileReference section */

/* Begin PBXFrameworksBuildPhase section */
		8B9C9C2625BA05D300260E82 /* Frameworks */ = {
			isa = PBXFrameworksBuildPhase;
			buildActionMask = 2147483647;
			files = (
				B5C6B895B4457CA3284B83AC /* Pods_DigitalCoin.framework in Frameworks */,
			);
			runOnlyForDeploymentPostprocessing = 0;
		};
		8B9C9C3F25BA05D900260E82 /* Frameworks */ = {
			isa = PBXFrameworksBuildPhase;
			buildActionMask = 2147483647;
			files = (
				3DA086C7AD13236E927CBF6D /* Pods_DigitalCoinTests.framework in Frameworks */,
			);
			runOnlyForDeploymentPostprocessing = 0;
		};
		8B9C9C4A25BA05D900260E82 /* Frameworks */ = {
			isa = PBXFrameworksBuildPhase;
			buildActionMask = 2147483647;
			files = (
				228424E3BACC8B82323FDD57 /* Pods_DigitalCoin_DigitalCoinUITests.framework in Frameworks */,
			);
			runOnlyForDeploymentPostprocessing = 0;
		};
/* End PBXFrameworksBuildPhase section */

/* Begin PBXGroup section */
		8B06B32725C83F6600E721AB /* WebService */ = {
			isa = PBXGroup;
			children = (
				8B06B32825C83F6600E721AB /* CoinService.swift */,
			);
			path = WebService;
			sourceTree = "<group>";
		};
		8B06B33E25C8402B00E721AB /* Models */ = {
			isa = PBXGroup;
			children = (
				8B06B33F25C8402B00E721AB /* Coin.swift */,
			);
			path = Models;
			sourceTree = "<group>";
		};
		8B9C9C2025BA05D300260E82 = {
			isa = PBXGroup;
			children = (
				8B9C9C2B25BA05D300260E82 /* DigitalCoin */,
				8B9C9C4525BA05D900260E82 /* DigitalCoinTests */,
				8B9C9C5025BA05D900260E82 /* DigitalCoinUITests */,
				8B9C9C2A25BA05D300260E82 /* Products */,
				BEA91F9283E3331B218EC065 /* Pods */,
				F7C07DEF1D3E3012891A0E42 /* Frameworks */,
			);
			sourceTree = "<group>";
		};
		8B9C9C2A25BA05D300260E82 /* Products */ = {
			isa = PBXGroup;
			children = (
				8B9C9C2925BA05D300260E82 /* DigitalCoin.app */,
				8B9C9C4225BA05D900260E82 /* DigitalCoinTests.xctest */,
				8B9C9C4D25BA05D900260E82 /* DigitalCoinUITests.xctest */,
			);
			name = Products;
			sourceTree = "<group>";
		};
		8B9C9C2B25BA05D300260E82 /* DigitalCoin */ = {
			isa = PBXGroup;
			children = (
				8BB9F5FA25BB36D600BBFD3B /* Aplication */,
				8B246BF825BE1FE1000D6411 /* TabBarViewController.swift */,
				DF89719C25C1ACF9003C1B52 /* TelaFavoritos */,
				DF89719B25C1ACE0003C1B52 /* TelaDetalhes */,
				DF89719A25C1ACC9003C1B52 /* TelaPrincipal */,
				8B06B33E25C8402B00E721AB /* Models */,
				8B06B32725C83F6600E721AB /* WebService */,
				8BB9F5FB25BB376A00BBFD3B /* Resources */,
			);
			path = DigitalCoin;
			sourceTree = "<group>";
		};
		8B9C9C4525BA05D900260E82 /* DigitalCoinTests */ = {
			isa = PBXGroup;
			children = (
				DFB669A525C7C17B00846DBB /* CoinListViewControllerTests.swift */,
				DFB669A625C7C17B00846DBB /* CoinsListViewModelTests.swift */,
				8B9C9C4625BA05D900260E82 /* DigitalCoinTests.swift */,
				8B9C9C4825BA05D900260E82 /* Info.plist */,
			);
			path = DigitalCoinTests;
			sourceTree = "<group>";
		};
		8B9C9C5025BA05D900260E82 /* DigitalCoinUITests */ = {
			isa = PBXGroup;
			children = (
				8B9C9C5125BA05D900260E82 /* DigitalCoinUITests.swift */,
				8B9C9C5325BA05D900260E82 /* Info.plist */,
			);
			path = DigitalCoinUITests;
			sourceTree = "<group>";
		};
		8BB9F5FA25BB36D600BBFD3B /* Aplication */ = {
			isa = PBXGroup;
			children = (
				8B9C9C2C25BA05D300260E82 /* AppDelegate.swift */,
				8B9C9C2E25BA05D300260E82 /* SceneDelegate.swift */,
				8B9C9C3A25BA05D800260E82 /* LaunchScreen.storyboard */,
				8B9C9C3D25BA05D800260E82 /* Info.plist */,
				8B9C9C3525BA05D300260E82 /* DigitalCoin.xcdatamodeld */,
			);
			path = Aplication;
			sourceTree = "<group>";
		};
		8BB9F5FB25BB376A00BBFD3B /* Resources */ = {
			isa = PBXGroup;
			children = (
				8B9C9C3825BA05D800260E82 /* Assets.xcassets */,
			);
			path = Resources;
			sourceTree = "<group>";
		};
		BEA91F9283E3331B218EC065 /* Pods */ = {
			isa = PBXGroup;
			children = (
				ADE25748FE9297E34D6E089E /* Pods-DigitalCoin.debug.xcconfig */,
				2E5104E650E98D8B54D26B3F /* Pods-DigitalCoin.release.xcconfig */,
				1136EB462A3282ED88488276 /* Pods-DigitalCoin-DigitalCoinUITests.debug.xcconfig */,
				DECEE558F8871F55F21F2DD6 /* Pods-DigitalCoin-DigitalCoinUITests.release.xcconfig */,
				6F4FB7C3648CE3BA5C26EB2B /* Pods-DigitalCoinTests.debug.xcconfig */,
				ABB2778DC85835C61B7C9E42 /* Pods-DigitalCoinTests.release.xcconfig */,
			);
			path = Pods;
			sourceTree = "<group>";
		};
		DF89719A25C1ACC9003C1B52 /* TelaPrincipal */ = {
			isa = PBXGroup;
			children = (
				DF8971A225C1AD6B003C1B52 /* ViewModel */,
				DF8971A125C1AD62003C1B52 /* View */,
			);
			path = TelaPrincipal;
			sourceTree = "<group>";
		};
		DF89719B25C1ACE0003C1B52 /* TelaDetalhes */ = {
			isa = PBXGroup;
			children = (
				DF8971A025C1AD56003C1B52 /* ViewModel */,
				DF89719F25C1AD4C003C1B52 /* View */,
			);
			path = TelaDetalhes;
			sourceTree = "<group>";
		};
		DF89719C25C1ACF9003C1B52 /* TelaFavoritos */ = {
			isa = PBXGroup;
			children = (
				DF89719E25C1AD14003C1B52 /* ViewModel */,
				DF89719D25C1AD0D003C1B52 /* View */,
			);
			path = TelaFavoritos;
			sourceTree = "<group>";
		};
		DF89719D25C1AD0D003C1B52 /* View */ = {
			isa = PBXGroup;
			children = (
				8BB9F64725BB746400BBFD3B /* CoinsFavoritesViewController.swift */,
				8B5DE56725C7C6DC00A2D1F5 /* CoinFavoritesCollectionViewCell.swift */,
			);
			path = View;
			sourceTree = "<group>";
		};
		DF89719E25C1AD14003C1B52 /* ViewModel */ = {
			isa = PBXGroup;
			children = (
				DF8971AB25C1B2E6003C1B52 /* CoinsFavoritesViewModel.swift */,
				8BB7401A25C4562C007A6306 /* CoinsFavoritesCellViewModel.swift */,
			);
			path = ViewModel;
			sourceTree = "<group>";
		};
		DF89719F25C1AD4C003C1B52 /* View */ = {
			isa = PBXGroup;
			children = (
				8B8C07AA25BA4C5000DD7EB6 /* CoinsDetailsViewController.swift */,
			);
			path = View;
			sourceTree = "<group>";
		};
		DF8971A025C1AD56003C1B52 /* ViewModel */ = {
			isa = PBXGroup;
			children = (
				DF8971A625C1B2BB003C1B52 /* CoinsDetailsViewModel.swift */,
			);
			path = ViewModel;
			sourceTree = "<group>";
		};
		DF8971A125C1AD62003C1B52 /* View */ = {
			isa = PBXGroup;
			children = (
				DFE08F6325C088960036C775 /* TelaPrincipalTableViewCell.xib */,
				8BDD03E625BCAB8C00263E30 /* TelaPrincipalTableViewCell.swift */,
				8BB9F65125BB760F00BBFD3B /* CoinsListViewController.swift */,
				D39256E525C86F6600C9DBDD /* CoinsListAccessibility+.swift */,
			);
			path = View;
			sourceTree = "<group>";
		};
		DF8971A225C1AD6B003C1B52 /* ViewModel */ = {
			isa = PBXGroup;
			children = (
				DFE08F5B25C087470036C775 /* CoinsListViewModel.swift */,
				8B06B33925C83FE300E721AB /* CoinsViewData.swift */,
				8B5DE56C25C7C7D800A2D1F5 /* CoinMainTableCellViewModel.swift */,
			);
			path = ViewModel;
			sourceTree = "<group>";
		};
		F7C07DEF1D3E3012891A0E42 /* Frameworks */ = {
			isa = PBXGroup;
			children = (
				10D544E30314E81D5D132C3B /* Pods_DigitalCoin.framework */,
				825206D7E6BD80A205C6AD84 /* Pods_DigitalCoin_DigitalCoinUITests.framework */,
				ADEF42C0A0CE710A596606A0 /* Pods_DigitalCoinTests.framework */,
			);
			name = Frameworks;
			sourceTree = "<group>";
		};
/* End PBXGroup section */

/* Begin PBXNativeTarget section */
		8B9C9C2825BA05D300260E82 /* DigitalCoin */ = {
			isa = PBXNativeTarget;
			buildConfigurationList = 8B9C9C5625BA05D900260E82 /* Build configuration list for PBXNativeTarget "DigitalCoin" */;
			buildPhases = (
				17A4013A5BFD15CCED858CF0 /* [CP] Check Pods Manifest.lock */,
				8B9C9C2525BA05D300260E82 /* Sources */,
				8B9C9C2625BA05D300260E82 /* Frameworks */,
				8B9C9C2725BA05D300260E82 /* Resources */,
				2AC2F94A160C33A373824954 /* [CP] Embed Pods Frameworks */,
				DF8971C825C1B7C3003C1B52 /* ShellScript */,
			);
			buildRules = (
			);
			dependencies = (
			);
			name = DigitalCoin;
			productName = DigitalCoin;
			productReference = 8B9C9C2925BA05D300260E82 /* DigitalCoin.app */;
			productType = "com.apple.product-type.application";
		};
		8B9C9C4125BA05D900260E82 /* DigitalCoinTests */ = {
			isa = PBXNativeTarget;
			buildConfigurationList = 8B9C9C5925BA05D900260E82 /* Build configuration list for PBXNativeTarget "DigitalCoinTests" */;
			buildPhases = (
				DF2485265F42F29ACD0A02A6 /* [CP] Check Pods Manifest.lock */,
				8B9C9C3E25BA05D900260E82 /* Sources */,
				8B9C9C3F25BA05D900260E82 /* Frameworks */,
				8B9C9C4025BA05D900260E82 /* Resources */,
			);
			buildRules = (
			);
			dependencies = (
				8B9C9C4425BA05D900260E82 /* PBXTargetDependency */,
			);
			name = DigitalCoinTests;
			productName = DigitalCoinTests;
			productReference = 8B9C9C4225BA05D900260E82 /* DigitalCoinTests.xctest */;
			productType = "com.apple.product-type.bundle.unit-test";
		};
		8B9C9C4C25BA05D900260E82 /* DigitalCoinUITests */ = {
			isa = PBXNativeTarget;
			buildConfigurationList = 8B9C9C5C25BA05D900260E82 /* Build configuration list for PBXNativeTarget "DigitalCoinUITests" */;
			buildPhases = (
				858ABCD7B861323A4A104D8C /* [CP] Check Pods Manifest.lock */,
				8B9C9C4925BA05D900260E82 /* Sources */,
				8B9C9C4A25BA05D900260E82 /* Frameworks */,
				8B9C9C4B25BA05D900260E82 /* Resources */,
				79E1A2FC66B2EB4872041F19 /* [CP] Embed Pods Frameworks */,
			);
			buildRules = (
			);
			dependencies = (
				8B9C9C4F25BA05D900260E82 /* PBXTargetDependency */,
			);
			name = DigitalCoinUITests;
			productName = DigitalCoinUITests;
			productReference = 8B9C9C4D25BA05D900260E82 /* DigitalCoinUITests.xctest */;
			productType = "com.apple.product-type.bundle.ui-testing";
		};
/* End PBXNativeTarget section */

/* Begin PBXProject section */
		8B9C9C2125BA05D300260E82 /* Project object */ = {
			isa = PBXProject;
			attributes = {
				LastSwiftUpdateCheck = 1230;
				LastUpgradeCheck = 1230;
				TargetAttributes = {
					8B9C9C2825BA05D300260E82 = {
						CreatedOnToolsVersion = 12.3;
					};
					8B9C9C4125BA05D900260E82 = {
						CreatedOnToolsVersion = 12.3;
						TestTargetID = 8B9C9C2825BA05D300260E82;
					};
					8B9C9C4C25BA05D900260E82 = {
						CreatedOnToolsVersion = 12.3;
						TestTargetID = 8B9C9C2825BA05D300260E82;
					};
				};
			};
			buildConfigurationList = 8B9C9C2425BA05D300260E82 /* Build configuration list for PBXProject "DigitalCoin" */;
			compatibilityVersion = "Xcode 9.3";
			developmentRegion = en;
			hasScannedForEncodings = 0;
			knownRegions = (
				en,
				Base,
			);
			mainGroup = 8B9C9C2025BA05D300260E82;
			productRefGroup = 8B9C9C2A25BA05D300260E82 /* Products */;
			projectDirPath = "";
			projectRoot = "";
			targets = (
				8B9C9C2825BA05D300260E82 /* DigitalCoin */,
				8B9C9C4125BA05D900260E82 /* DigitalCoinTests */,
				8B9C9C4C25BA05D900260E82 /* DigitalCoinUITests */,
			);
		};
/* End PBXProject section */

/* Begin PBXResourcesBuildPhase section */
		8B9C9C2725BA05D300260E82 /* Resources */ = {
			isa = PBXResourcesBuildPhase;
			buildActionMask = 2147483647;
			files = (
				DFE08F6425C088960036C775 /* TelaPrincipalTableViewCell.xib in Resources */,
				8B9C9C3C25BA05D800260E82 /* LaunchScreen.storyboard in Resources */,
				8B9C9C3925BA05D800260E82 /* Assets.xcassets in Resources */,
			);
			runOnlyForDeploymentPostprocessing = 0;
		};
		8B9C9C4025BA05D900260E82 /* Resources */ = {
			isa = PBXResourcesBuildPhase;
			buildActionMask = 2147483647;
			files = (
			);
			runOnlyForDeploymentPostprocessing = 0;
		};
		8B9C9C4B25BA05D900260E82 /* Resources */ = {
			isa = PBXResourcesBuildPhase;
			buildActionMask = 2147483647;
			files = (
			);
			runOnlyForDeploymentPostprocessing = 0;
		};
/* End PBXResourcesBuildPhase section */

/* Begin PBXShellScriptBuildPhase section */
		17A4013A5BFD15CCED858CF0 /* [CP] Check Pods Manifest.lock */ = {
			isa = PBXShellScriptBuildPhase;
			buildActionMask = 2147483647;
			files = (
			);
			inputFileListPaths = (
			);
			inputPaths = (
				"${PODS_PODFILE_DIR_PATH}/Podfile.lock",
				"${PODS_ROOT}/Manifest.lock",
			);
			name = "[CP] Check Pods Manifest.lock";
			outputFileListPaths = (
			);
			outputPaths = (
				"$(DERIVED_FILE_DIR)/Pods-DigitalCoin-checkManifestLockResult.txt",
			);
			runOnlyForDeploymentPostprocessing = 0;
			shellPath = /bin/sh;
			shellScript = "diff \"${PODS_PODFILE_DIR_PATH}/Podfile.lock\" \"${PODS_ROOT}/Manifest.lock\" > /dev/null\nif [ $? != 0 ] ; then\n    # print error to STDERR\n    echo \"error: The sandbox is not in sync with the Podfile.lock. Run 'pod install' or update your CocoaPods installation.\" >&2\n    exit 1\nfi\n# This output is used by Xcode 'outputs' to avoid re-running this script phase.\necho \"SUCCESS\" > \"${SCRIPT_OUTPUT_FILE_0}\"\n";
			showEnvVarsInLog = 0;
		};
		2AC2F94A160C33A373824954 /* [CP] Embed Pods Frameworks */ = {
			isa = PBXShellScriptBuildPhase;
			buildActionMask = 2147483647;
			files = (
			);
			inputFileListPaths = (
				"${PODS_ROOT}/Target Support Files/Pods-DigitalCoin/Pods-DigitalCoin-frameworks-${CONFIGURATION}-input-files.xcfilelist",
			);
			name = "[CP] Embed Pods Frameworks";
			outputFileListPaths = (
				"${PODS_ROOT}/Target Support Files/Pods-DigitalCoin/Pods-DigitalCoin-frameworks-${CONFIGURATION}-output-files.xcfilelist",
			);
			runOnlyForDeploymentPostprocessing = 0;
			shellPath = /bin/sh;
			shellScript = "\"${PODS_ROOT}/Target Support Files/Pods-DigitalCoin/Pods-DigitalCoin-frameworks.sh\"\n";
			showEnvVarsInLog = 0;
		};
		79E1A2FC66B2EB4872041F19 /* [CP] Embed Pods Frameworks */ = {
			isa = PBXShellScriptBuildPhase;
			buildActionMask = 2147483647;
			files = (
			);
			inputFileListPaths = (
				"${PODS_ROOT}/Target Support Files/Pods-DigitalCoin-DigitalCoinUITests/Pods-DigitalCoin-DigitalCoinUITests-frameworks-${CONFIGURATION}-input-files.xcfilelist",
			);
			name = "[CP] Embed Pods Frameworks";
			outputFileListPaths = (
				"${PODS_ROOT}/Target Support Files/Pods-DigitalCoin-DigitalCoinUITests/Pods-DigitalCoin-DigitalCoinUITests-frameworks-${CONFIGURATION}-output-files.xcfilelist",
			);
			runOnlyForDeploymentPostprocessing = 0;
			shellPath = /bin/sh;
			shellScript = "\"${PODS_ROOT}/Target Support Files/Pods-DigitalCoin-DigitalCoinUITests/Pods-DigitalCoin-DigitalCoinUITests-frameworks.sh\"\n";
			showEnvVarsInLog = 0;
		};
		858ABCD7B861323A4A104D8C /* [CP] Check Pods Manifest.lock */ = {
			isa = PBXShellScriptBuildPhase;
			buildActionMask = 2147483647;
			files = (
			);
			inputFileListPaths = (
			);
			inputPaths = (
				"${PODS_PODFILE_DIR_PATH}/Podfile.lock",
				"${PODS_ROOT}/Manifest.lock",
			);
			name = "[CP] Check Pods Manifest.lock";
			outputFileListPaths = (
			);
			outputPaths = (
				"$(DERIVED_FILE_DIR)/Pods-DigitalCoin-DigitalCoinUITests-checkManifestLockResult.txt",
			);
			runOnlyForDeploymentPostprocessing = 0;
			shellPath = /bin/sh;
			shellScript = "diff \"${PODS_PODFILE_DIR_PATH}/Podfile.lock\" \"${PODS_ROOT}/Manifest.lock\" > /dev/null\nif [ $? != 0 ] ; then\n    # print error to STDERR\n    echo \"error: The sandbox is not in sync with the Podfile.lock. Run 'pod install' or update your CocoaPods installation.\" >&2\n    exit 1\nfi\n# This output is used by Xcode 'outputs' to avoid re-running this script phase.\necho \"SUCCESS\" > \"${SCRIPT_OUTPUT_FILE_0}\"\n";
			showEnvVarsInLog = 0;
		};
		DF2485265F42F29ACD0A02A6 /* [CP] Check Pods Manifest.lock */ = {
			isa = PBXShellScriptBuildPhase;
			buildActionMask = 2147483647;
			files = (
			);
			inputFileListPaths = (
			);
			inputPaths = (
				"${PODS_PODFILE_DIR_PATH}/Podfile.lock",
				"${PODS_ROOT}/Manifest.lock",
			);
			name = "[CP] Check Pods Manifest.lock";
			outputFileListPaths = (
			);
			outputPaths = (
				"$(DERIVED_FILE_DIR)/Pods-DigitalCoinTests-checkManifestLockResult.txt",
			);
			runOnlyForDeploymentPostprocessing = 0;
			shellPath = /bin/sh;
			shellScript = "diff \"${PODS_PODFILE_DIR_PATH}/Podfile.lock\" \"${PODS_ROOT}/Manifest.lock\" > /dev/null\nif [ $? != 0 ] ; then\n    # print error to STDERR\n    echo \"error: The sandbox is not in sync with the Podfile.lock. Run 'pod install' or update your CocoaPods installation.\" >&2\n    exit 1\nfi\n# This output is used by Xcode 'outputs' to avoid re-running this script phase.\necho \"SUCCESS\" > \"${SCRIPT_OUTPUT_FILE_0}\"\n";
			showEnvVarsInLog = 0;
		};
		DF8971C825C1B7C3003C1B52 /* ShellScript */ = {
			isa = PBXShellScriptBuildPhase;
			buildActionMask = 2147483647;
			files = (
			);
			inputFileListPaths = (
			);
			inputPaths = (
			);
			outputFileListPaths = (
			);
			outputPaths = (
			);
			runOnlyForDeploymentPostprocessing = 0;
			shellPath = /bin/sh;
			shellScript = "# Type a script or drag a script file from your workspace to insert its path.\nif which swiftlint >/dev/null; then\n  swiftlint\nelse\n  echo \"warning: SwiftLint not installed, download from https://github.com/realm/SwiftLint\"\nfi\n";
		};
/* End PBXShellScriptBuildPhase section */

/* Begin PBXSourcesBuildPhase section */
		8B9C9C2525BA05D300260E82 /* Sources */ = {
			isa = PBXSourcesBuildPhase;
			buildActionMask = 2147483647;
			files = (
				8B06B34025C8402B00E721AB /* Coin.swift in Sources */,
				8BB9F64925BB746400BBFD3B /* CoinsFavoritesViewController.swift in Sources */,
				8B246BF925BE1FE1000D6411 /* TabBarViewController.swift in Sources */,
				8B06B33A25C83FE300E721AB /* CoinsViewData.swift in Sources */,
				8B9C9C2D25BA05D300260E82 /* AppDelegate.swift in Sources */,
				8B5DE56825C7C6DC00A2D1F5 /* CoinFavoritesCollectionViewCell.swift in Sources */,
				8BB7401B25C4562C007A6306 /* CoinsFavoritesCellViewModel.swift in Sources */,
				DFE08F5C25C087470036C775 /* CoinsListViewModel.swift in Sources */,
				DF8971AC25C1B2E6003C1B52 /* CoinsFavoritesViewModel.swift in Sources */,
				8B06B32A25C83F6600E721AB /* CoinService.swift in Sources */,
				8B9C9C2F25BA05D300260E82 /* SceneDelegate.swift in Sources */,
				8B9C9C3725BA05D300260E82 /* DigitalCoin.xcdatamodeld in Sources */,
				8B5DE56D25C7C7D800A2D1F5 /* CoinMainTableCellViewModel.swift in Sources */,
				D39256E625C86F6600C9DBDD /* CoinsListAccessibility+.swift in Sources */,
				DF8971A725C1B2BB003C1B52 /* CoinsDetailsViewModel.swift in Sources */,
				8B8C07AC25BA4C5000DD7EB6 /* CoinsDetailsViewController.swift in Sources */,
				8BDD03E725BCAB8C00263E30 /* TelaPrincipalTableViewCell.swift in Sources */,
				8BB9F65225BB760F00BBFD3B /* CoinsListViewController.swift in Sources */,
			);
			runOnlyForDeploymentPostprocessing = 0;
		};
		8B9C9C3E25BA05D900260E82 /* Sources */ = {
			isa = PBXSourcesBuildPhase;
			buildActionMask = 2147483647;
			files = (
				8B9C9C4725BA05D900260E82 /* DigitalCoinTests.swift in Sources */,
				DFB669A725C7C17B00846DBB /* CoinListViewControllerTests.swift in Sources */,
				DFB669A825C7C17B00846DBB /* CoinsListViewModelTests.swift in Sources */,
			);
			runOnlyForDeploymentPostprocessing = 0;
		};
		8B9C9C4925BA05D900260E82 /* Sources */ = {
			isa = PBXSourcesBuildPhase;
			buildActionMask = 2147483647;
			files = (
				8B9C9C5225BA05D900260E82 /* DigitalCoinUITests.swift in Sources */,
			);
			runOnlyForDeploymentPostprocessing = 0;
		};
/* End PBXSourcesBuildPhase section */

/* Begin PBXTargetDependency section */
		8B9C9C4425BA05D900260E82 /* PBXTargetDependency */ = {
			isa = PBXTargetDependency;
			target = 8B9C9C2825BA05D300260E82 /* DigitalCoin */;
			targetProxy = 8B9C9C4325BA05D900260E82 /* PBXContainerItemProxy */;
		};
		8B9C9C4F25BA05D900260E82 /* PBXTargetDependency */ = {
			isa = PBXTargetDependency;
			target = 8B9C9C2825BA05D300260E82 /* DigitalCoin */;
			targetProxy = 8B9C9C4E25BA05D900260E82 /* PBXContainerItemProxy */;
		};
/* End PBXTargetDependency section */

/* Begin PBXVariantGroup section */
		8B9C9C3A25BA05D800260E82 /* LaunchScreen.storyboard */ = {
			isa = PBXVariantGroup;
			children = (
				8B9C9C3B25BA05D800260E82 /* Base */,
			);
			name = LaunchScreen.storyboard;
			sourceTree = "<group>";
		};
/* End PBXVariantGroup section */

/* Begin XCBuildConfiguration section */
		8B9C9C5425BA05D900260E82 /* Debug */ = {
			isa = XCBuildConfiguration;
			buildSettings = {
				ALWAYS_SEARCH_USER_PATHS = NO;
				CLANG_ANALYZER_NONNULL = YES;
				CLANG_ANALYZER_NUMBER_OBJECT_CONVERSION = YES_AGGRESSIVE;
				CLANG_CXX_LANGUAGE_STANDARD = "gnu++14";
				CLANG_CXX_LIBRARY = "libc++";
				CLANG_ENABLE_MODULES = YES;
				CLANG_ENABLE_OBJC_ARC = YES;
				CLANG_ENABLE_OBJC_WEAK = YES;
				CLANG_WARN_BLOCK_CAPTURE_AUTORELEASING = YES;
				CLANG_WARN_BOOL_CONVERSION = YES;
				CLANG_WARN_COMMA = YES;
				CLANG_WARN_CONSTANT_CONVERSION = YES;
				CLANG_WARN_DEPRECATED_OBJC_IMPLEMENTATIONS = YES;
				CLANG_WARN_DIRECT_OBJC_ISA_USAGE = YES_ERROR;
				CLANG_WARN_DOCUMENTATION_COMMENTS = YES;
				CLANG_WARN_EMPTY_BODY = YES;
				CLANG_WARN_ENUM_CONVERSION = YES;
				CLANG_WARN_INFINITE_RECURSION = YES;
				CLANG_WARN_INT_CONVERSION = YES;
				CLANG_WARN_NON_LITERAL_NULL_CONVERSION = YES;
				CLANG_WARN_OBJC_IMPLICIT_RETAIN_SELF = YES;
				CLANG_WARN_OBJC_LITERAL_CONVERSION = YES;
				CLANG_WARN_OBJC_ROOT_CLASS = YES_ERROR;
				CLANG_WARN_QUOTED_INCLUDE_IN_FRAMEWORK_HEADER = YES;
				CLANG_WARN_RANGE_LOOP_ANALYSIS = YES;
				CLANG_WARN_STRICT_PROTOTYPES = YES;
				CLANG_WARN_SUSPICIOUS_MOVE = YES;
				CLANG_WARN_UNGUARDED_AVAILABILITY = YES_AGGRESSIVE;
				CLANG_WARN_UNREACHABLE_CODE = YES;
				CLANG_WARN__DUPLICATE_METHOD_MATCH = YES;
				COPY_PHASE_STRIP = NO;
				DEBUG_INFORMATION_FORMAT = dwarf;
				ENABLE_STRICT_OBJC_MSGSEND = YES;
				ENABLE_TESTABILITY = YES;
				GCC_C_LANGUAGE_STANDARD = gnu11;
				GCC_DYNAMIC_NO_PIC = NO;
				GCC_NO_COMMON_BLOCKS = YES;
				GCC_OPTIMIZATION_LEVEL = 0;
				GCC_PREPROCESSOR_DEFINITIONS = (
					"DEBUG=1",
					"$(inherited)",
				);
				GCC_WARN_64_TO_32_BIT_CONVERSION = YES;
				GCC_WARN_ABOUT_RETURN_TYPE = YES_ERROR;
				GCC_WARN_UNDECLARED_SELECTOR = YES;
				GCC_WARN_UNINITIALIZED_AUTOS = YES_AGGRESSIVE;
				GCC_WARN_UNUSED_FUNCTION = YES;
				GCC_WARN_UNUSED_VARIABLE = YES;
				IPHONEOS_DEPLOYMENT_TARGET = 10.0;
				MTL_ENABLE_DEBUG_INFO = INCLUDE_SOURCE;
				MTL_FAST_MATH = YES;
				ONLY_ACTIVE_ARCH = YES;
				SDKROOT = iphoneos;
				SWIFT_ACTIVE_COMPILATION_CONDITIONS = DEBUG;
				SWIFT_OPTIMIZATION_LEVEL = "-Onone";
			};
			name = Debug;
		};
		8B9C9C5525BA05D900260E82 /* Release */ = {
			isa = XCBuildConfiguration;
			buildSettings = {
				ALWAYS_SEARCH_USER_PATHS = NO;
				CLANG_ANALYZER_NONNULL = YES;
				CLANG_ANALYZER_NUMBER_OBJECT_CONVERSION = YES_AGGRESSIVE;
				CLANG_CXX_LANGUAGE_STANDARD = "gnu++14";
				CLANG_CXX_LIBRARY = "libc++";
				CLANG_ENABLE_MODULES = YES;
				CLANG_ENABLE_OBJC_ARC = YES;
				CLANG_ENABLE_OBJC_WEAK = YES;
				CLANG_WARN_BLOCK_CAPTURE_AUTORELEASING = YES;
				CLANG_WARN_BOOL_CONVERSION = YES;
				CLANG_WARN_COMMA = YES;
				CLANG_WARN_CONSTANT_CONVERSION = YES;
				CLANG_WARN_DEPRECATED_OBJC_IMPLEMENTATIONS = YES;
				CLANG_WARN_DIRECT_OBJC_ISA_USAGE = YES_ERROR;
				CLANG_WARN_DOCUMENTATION_COMMENTS = YES;
				CLANG_WARN_EMPTY_BODY = YES;
				CLANG_WARN_ENUM_CONVERSION = YES;
				CLANG_WARN_INFINITE_RECURSION = YES;
				CLANG_WARN_INT_CONVERSION = YES;
				CLANG_WARN_NON_LITERAL_NULL_CONVERSION = YES;
				CLANG_WARN_OBJC_IMPLICIT_RETAIN_SELF = YES;
				CLANG_WARN_OBJC_LITERAL_CONVERSION = YES;
				CLANG_WARN_OBJC_ROOT_CLASS = YES_ERROR;
				CLANG_WARN_QUOTED_INCLUDE_IN_FRAMEWORK_HEADER = YES;
				CLANG_WARN_RANGE_LOOP_ANALYSIS = YES;
				CLANG_WARN_STRICT_PROTOTYPES = YES;
				CLANG_WARN_SUSPICIOUS_MOVE = YES;
				CLANG_WARN_UNGUARDED_AVAILABILITY = YES_AGGRESSIVE;
				CLANG_WARN_UNREACHABLE_CODE = YES;
				CLANG_WARN__DUPLICATE_METHOD_MATCH = YES;
				COPY_PHASE_STRIP = NO;
				DEBUG_INFORMATION_FORMAT = "dwarf-with-dsym";
				ENABLE_NS_ASSERTIONS = NO;
				ENABLE_STRICT_OBJC_MSGSEND = YES;
				GCC_C_LANGUAGE_STANDARD = gnu11;
				GCC_NO_COMMON_BLOCKS = YES;
				GCC_WARN_64_TO_32_BIT_CONVERSION = YES;
				GCC_WARN_ABOUT_RETURN_TYPE = YES_ERROR;
				GCC_WARN_UNDECLARED_SELECTOR = YES;
				GCC_WARN_UNINITIALIZED_AUTOS = YES_AGGRESSIVE;
				GCC_WARN_UNUSED_FUNCTION = YES;
				GCC_WARN_UNUSED_VARIABLE = YES;
				IPHONEOS_DEPLOYMENT_TARGET = 10.0;
				MTL_ENABLE_DEBUG_INFO = NO;
				MTL_FAST_MATH = YES;
				SDKROOT = iphoneos;
				SWIFT_COMPILATION_MODE = wholemodule;
				SWIFT_OPTIMIZATION_LEVEL = "-O";
				VALIDATE_PRODUCT = YES;
			};
			name = Release;
		};
		8B9C9C5725BA05D900260E82 /* Debug */ = {
			isa = XCBuildConfiguration;
			baseConfigurationReference = ADE25748FE9297E34D6E089E /* Pods-DigitalCoin.debug.xcconfig */;
			buildSettings = {
				ASSETCATALOG_COMPILER_APPICON_NAME = AppIcon;
				ASSETCATALOG_COMPILER_GLOBAL_ACCENT_COLOR_NAME = AccentColor;
				CODE_SIGN_STYLE = Automatic;
				INFOPLIST_FILE = DigitalCoin/Aplication/Info.plist;
				IPHONEOS_DEPLOYMENT_TARGET = 10.0;
				LD_RUNPATH_SEARCH_PATHS = (
					"$(inherited)",
					"@executable_path/Frameworks",
				);
				PRODUCT_BUNDLE_IDENTIFIER = "com.github-arfortunato.DigitalCoin";
				PRODUCT_NAME = "$(TARGET_NAME)";
				SWIFT_VERSION = 5.0;
				TARGETED_DEVICE_FAMILY = "1,2";
			};
			name = Debug;
		};
		8B9C9C5825BA05D900260E82 /* Release */ = {
			isa = XCBuildConfiguration;
			baseConfigurationReference = 2E5104E650E98D8B54D26B3F /* Pods-DigitalCoin.release.xcconfig */;
			buildSettings = {
				ASSETCATALOG_COMPILER_APPICON_NAME = AppIcon;
				ASSETCATALOG_COMPILER_GLOBAL_ACCENT_COLOR_NAME = AccentColor;
				CODE_SIGN_STYLE = Automatic;
				INFOPLIST_FILE = DigitalCoin/Aplication/Info.plist;
				IPHONEOS_DEPLOYMENT_TARGET = 10.0;
				LD_RUNPATH_SEARCH_PATHS = (
					"$(inherited)",
					"@executable_path/Frameworks",
				);
				PRODUCT_BUNDLE_IDENTIFIER = "com.github-arfortunato.DigitalCoin";
				PRODUCT_NAME = "$(TARGET_NAME)";
				SWIFT_VERSION = 5.0;
				TARGETED_DEVICE_FAMILY = "1,2";
			};
			name = Release;
		};
		8B9C9C5A25BA05D900260E82 /* Debug */ = {
			isa = XCBuildConfiguration;
			baseConfigurationReference = 6F4FB7C3648CE3BA5C26EB2B /* Pods-DigitalCoinTests.debug.xcconfig */;
			buildSettings = {
				ALWAYS_EMBED_SWIFT_STANDARD_LIBRARIES = YES;
				BUNDLE_LOADER = "$(TEST_HOST)";
				CODE_SIGN_STYLE = Automatic;
				INFOPLIST_FILE = DigitalCoinTests/Info.plist;
				IPHONEOS_DEPLOYMENT_TARGET = 14.3;
				LD_RUNPATH_SEARCH_PATHS = (
					"$(inherited)",
					"@executable_path/Frameworks",
					"@loader_path/Frameworks",
				);
				PRODUCT_BUNDLE_IDENTIFIER = "com.github-arfortunato.DigitalCoinTests";
				PRODUCT_NAME = "$(TARGET_NAME)";
				SWIFT_VERSION = 5.0;
				TARGETED_DEVICE_FAMILY = "1,2";
				TEST_HOST = "$(BUILT_PRODUCTS_DIR)/DigitalCoin.app/DigitalCoin";
			};
			name = Debug;
		};
		8B9C9C5B25BA05D900260E82 /* Release */ = {
			isa = XCBuildConfiguration;
			baseConfigurationReference = ABB2778DC85835C61B7C9E42 /* Pods-DigitalCoinTests.release.xcconfig */;
			buildSettings = {
				ALWAYS_EMBED_SWIFT_STANDARD_LIBRARIES = YES;
				BUNDLE_LOADER = "$(TEST_HOST)";
				CODE_SIGN_STYLE = Automatic;
				INFOPLIST_FILE = DigitalCoinTests/Info.plist;
				IPHONEOS_DEPLOYMENT_TARGET = 14.3;
				LD_RUNPATH_SEARCH_PATHS = (
					"$(inherited)",
					"@executable_path/Frameworks",
					"@loader_path/Frameworks",
				);
				PRODUCT_BUNDLE_IDENTIFIER = "com.github-arfortunato.DigitalCoinTests";
				PRODUCT_NAME = "$(TARGET_NAME)";
				SWIFT_VERSION = 5.0;
				TARGETED_DEVICE_FAMILY = "1,2";
				TEST_HOST = "$(BUILT_PRODUCTS_DIR)/DigitalCoin.app/DigitalCoin";
			};
			name = Release;
		};
		8B9C9C5D25BA05D900260E82 /* Debug */ = {
			isa = XCBuildConfiguration;
			baseConfigurationReference = 1136EB462A3282ED88488276 /* Pods-DigitalCoin-DigitalCoinUITests.debug.xcconfig */;
			buildSettings = {
				ALWAYS_EMBED_SWIFT_STANDARD_LIBRARIES = YES;
				CODE_SIGN_STYLE = Automatic;
				INFOPLIST_FILE = DigitalCoinUITests/Info.plist;
				LD_RUNPATH_SEARCH_PATHS = (
					"$(inherited)",
					"@executable_path/Frameworks",
					"@loader_path/Frameworks",
				);
				PRODUCT_BUNDLE_IDENTIFIER = "com.github-arfortunato.DigitalCoinUITests";
				PRODUCT_NAME = "$(TARGET_NAME)";
				SWIFT_VERSION = 5.0;
				TARGETED_DEVICE_FAMILY = "1,2";
				TEST_TARGET_NAME = DigitalCoin;
			};
			name = Debug;
		};
		8B9C9C5E25BA05D900260E82 /* Release */ = {
			isa = XCBuildConfiguration;
			baseConfigurationReference = DECEE558F8871F55F21F2DD6 /* Pods-DigitalCoin-DigitalCoinUITests.release.xcconfig */;
			buildSettings = {
				ALWAYS_EMBED_SWIFT_STANDARD_LIBRARIES = YES;
				CODE_SIGN_STYLE = Automatic;
				INFOPLIST_FILE = DigitalCoinUITests/Info.plist;
				LD_RUNPATH_SEARCH_PATHS = (
					"$(inherited)",
					"@executable_path/Frameworks",
					"@loader_path/Frameworks",
				);
				PRODUCT_BUNDLE_IDENTIFIER = "com.github-arfortunato.DigitalCoinUITests";
				PRODUCT_NAME = "$(TARGET_NAME)";
				SWIFT_VERSION = 5.0;
				TARGETED_DEVICE_FAMILY = "1,2";
				TEST_TARGET_NAME = DigitalCoin;
			};
			name = Release;
		};
/* End XCBuildConfiguration section */

/* Begin XCConfigurationList section */
		8B9C9C2425BA05D300260E82 /* Build configuration list for PBXProject "DigitalCoin" */ = {
			isa = XCConfigurationList;
			buildConfigurations = (
				8B9C9C5425BA05D900260E82 /* Debug */,
				8B9C9C5525BA05D900260E82 /* Release */,
			);
			defaultConfigurationIsVisible = 0;
			defaultConfigurationName = Release;
		};
		8B9C9C5625BA05D900260E82 /* Build configuration list for PBXNativeTarget "DigitalCoin" */ = {
			isa = XCConfigurationList;
			buildConfigurations = (
				8B9C9C5725BA05D900260E82 /* Debug */,
				8B9C9C5825BA05D900260E82 /* Release */,
			);
			defaultConfigurationIsVisible = 0;
			defaultConfigurationName = Release;
		};
		8B9C9C5925BA05D900260E82 /* Build configuration list for PBXNativeTarget "DigitalCoinTests" */ = {
			isa = XCConfigurationList;
			buildConfigurations = (
				8B9C9C5A25BA05D900260E82 /* Debug */,
				8B9C9C5B25BA05D900260E82 /* Release */,
			);
			defaultConfigurationIsVisible = 0;
			defaultConfigurationName = Release;
		};
		8B9C9C5C25BA05D900260E82 /* Build configuration list for PBXNativeTarget "DigitalCoinUITests" */ = {
			isa = XCConfigurationList;
			buildConfigurations = (
				8B9C9C5D25BA05D900260E82 /* Debug */,
				8B9C9C5E25BA05D900260E82 /* Release */,
			);
			defaultConfigurationIsVisible = 0;
			defaultConfigurationName = Release;
		};
/* End XCConfigurationList section */

/* Begin XCVersionGroup section */
		8B9C9C3525BA05D300260E82 /* DigitalCoin.xcdatamodeld */ = {
			isa = XCVersionGroup;
			children = (
				8B9C9C3625BA05D300260E82 /* DigitalCoin.xcdatamodel */,
			);
			currentVersion = 8B9C9C3625BA05D300260E82 /* DigitalCoin.xcdatamodel */;
			path = DigitalCoin.xcdatamodeld;
			sourceTree = "<group>";
			versionGroupType = wrapper.xcdatamodel;
		};
/* End XCVersionGroup section */
	};
	rootObject = 8B9C9C2125BA05D300260E82 /* Project object */;
}
